<?xml version="1.0" encoding="utf-8"?>
<Project ToolsVersion="4.0" xmlns="http://schemas.microsoft.com/developer/msbuild/2003">
  <!-- 筛选器分组定义（中文名称+VS原生GUID） -->
  <ItemGroup>
    <!-- 头文件分组 -->
    <Filter Include="头文件">
      <UniqueIdentifier>{93995380-89BD-4b04-88EB-625FBE52EBFB}</UniqueIdentifier>
      <Extensions>h;hh;hpp;hxx;h++;hm;inl;inc;ipp</Extensions>
    </Filter>
    <!-- 源文件分组 -->
    <Filter Include="源文件">
      <UniqueIdentifier>{4FC737F1-C7A5-4376-A066-2A32D752A2FF}</UniqueIdentifier>
      <Extensions>cpp;c;cc;cxx;c++;cppm;ixx;def;odl;idl;hpj;bat;asm;asmx</Extensions>
    </Filter>
    <!-- 资源文件分组 -->
    <Filter Include="资源文件">
      <UniqueIdentifier>{67DA6AB6-F800-4c08-8B7A-83BB121AAD01}</UniqueIdentifier>
      <Extensions>rc;ico;cur;bmp;dlg;rc2;rct;bin;rgs;gif;jpg;jpeg;jpe;resx;tiff;tif;png;wav;mfcribbon-ms</Extensions>
    </Filter>
    <!-- 杂项文件分组（按需添加） -->
    <Filter Include="杂项文件">
      <UniqueIdentifier>{08E58209-49B8-4f09-8932-49907C27B719}</UniqueIdentifier>
      <Extensions>txt;ini;log;bat;cmd;xml;json</Extensions>
    </Filter>
  </ItemGroup>
  <!-- 绑定项目中的.c/.cpp文件到“源文件”分组（按你项目实际文件列写） -->
  <ItemGroup>
    <ClCompile Include="1.c">
      <Filter>源文件</Filter>
    </ClCompile>
    <ClCompile Include="1.cpp">
      <Filter>源文件</Filter>
    </ClCompile>
    <ClCompile Include="2.c">
      <Filter>源文件</Filter>
    </ClCompile>
    <ClCompile Include="2.cpp">
      <Filter>源文件</Filter>
    </ClCompile>
    <ClCompile Include="3.c">
      <Filter>源文件</Filter>
    </ClCompile>
    <ClCompile Include="3.cpp">
      <Filter>源文件</Filter>
    </ClCompile>
    <ClCompile Include="4.cpp">
      <Filter>源文件</Filter>
    </ClCompile>
    <ClCompile Include="5.cpp">
      <Filter>源文件</Filter>
    </ClCompile>
    <ClCompile Include="7.cpp">
      <Filter>源文件</Filter>
    </ClCompile>
    <ClCompile Include="8.cpp">
      <Filter>源文件</Filter>
    </ClCompile>
    <ClCompile Include="9.cpp">
      <Filter>源文件</Filter>
    </ClCompile>
    <ClCompile Include="10.cpp">
      <Filter>源文件</Filter>
    </ClCompile>
    <ClCompile Include="11.cpp">
      <Filter>源文件</Filter>
    </ClCompile>
    <ClCompile Include="12.cpp">
      <Filter>源文件</Filter>
    </ClCompile>
    <ClCompile Include="13.cpp">
      <Filter>源文件</Filter>
    </ClCompile>
    <ClCompile Include="14.cpp">
      <Filter>源文件</Filter>
    </ClCompile>
    <ClCompile Include="15.cpp">
      <Filter>源文件</Filter>
    </ClCompile>
    <ClCompile Include="16.cpp">
      <Filter>源文件</Filter>
    </ClCompile>
    <ClCompile Include="17.cpp">
      <Filter>源文件</Filter>
    </ClCompile>
    <ClCompile Include="18.cpp">
      <Filter>源文件</Filter>
    </ClCompile>
    <ClCompile Include="19.cpp">
      <Filter>源文件</Filter>
    </ClCompile>
    <ClCompile Include="20.cpp">
      <Filter>源文件</Filter>
    </ClCompile>
    <ClCompile Include="21.cpp">
      <Filter>源文件</Filter>
    </ClCompile>
    <ClCompile Include="22.cpp">
      <Filter>源文件</Filter>
    </ClCompile>
    <ClCompile Include="6（判断素数的较高效方法）.cpp">
      <Filter>源文件</Filter>
    </ClCompile>
    <ClCompile Include="23.cpp">
      <Filter>源文件</Filter>
    </ClCompile>
    <ClCompile Include="24.cpp">
      <Filter>源文件</Filter>
    </ClCompile>
    <ClCompile Include="25.cpp">
      <Filter>源文件</Filter>
    </ClCompile>
    <ClCompile Include="26（排序）.cpp">
      <Filter>源文件</Filter>
    </ClCompile>
    <ClCompile Include="27.cpp">
      <Filter>源文件</Filter>
    </ClCompile>
    <ClCompile Include="28 模拟（洛谷 P1067 [NOIP 2009 普及组] 多项式输出 ）.cpp">
      <Filter>源文件</Filter>
    </ClCompile>
    <ClCompile Include="29 模拟 （洛谷 P5731 【深基5.习6】蛇形方阵）.cpp">
      <Filter>源文件</Filter>
    </ClCompile>
    <ClCompile Include="30 模拟（洛谷 P1098 [NOIP 2007 提高组] 字符串的展开）.cpp">
      <Filter>源文件</Filter>
    </ClCompile>
    <ClCompile Include="31%28高精度算法%29.cpp">
      <Filter>源文件</Filter>
    </ClCompile>
    <ClCompile Include="32 模拟（牛客 BGN12 特殊的科学计数法）.cpp">
      <Filter>源文件</Filter>
    </ClCompile>
    <ClCompile Include="33 枚举（洛谷 P1003 [NOIP 2011 提高组] 铺地毯）.cpp">
      <Filter>源文件</Filter>
    </ClCompile>
    <ClCompile Include="34 二进制枚举（力扣 78. 子集）.cpp">
      <Filter>源文件</Filter>
    </ClCompile>
    <ClCompile Include="35 二进制枚举 %28蓝桥云课 第 33 场 蓝桥·算法入门赛·百校联赛 3. 蓝小骑【算法赛】%29.cpp">
      <Filter>源文件</Filter>
    </ClCompile>
    <ClCompile Include="36 枚举（洛谷 P2010 [NOIP 2016 普及组] 回文日期）.cpp">
      <Filter>源文件</Filter>
    </ClCompile>
    <ClCompile Include="37 递推dp（洛谷 P2327 [SCOI2005] 扫雷）.cpp">
      <Filter>源文件</Filter>
    </ClCompile>
    <ClCompile Include="38 二进制枚举 （二维数组）（洛谷 P10449 费解的开关）.cpp">
      <Filter>源文件</Filter>
    </ClCompile>
    <ClCompile Include="4 %28蛇形方阵%29.c">
      <Filter>源文件</Filter>
    </ClCompile>
    <ClCompile Include="39  递归做法 （智创未来杯 2025 武汉地区联合新生赛 A）.cpp">
      <Filter>源文件</Filter>
    </ClCompile>
    <ClCompile Include="40 二进制枚举 （洛谷（UVA）UVA11464 Even Parity）.cpp">
      <Filter>源文件</Filter>
    </ClCompile>
    <ClCompile Include="41 二分（牛客 牛客周赛 Round 124 C 夜揽星河入梦）.cpp">
      <Filter>源文件</Filter>
    </ClCompile>
    <ClCompile Include="42 前缀和 （牛客 【模板】前缀和）.cpp">
      <Filter>源文件</Filter>
    </ClCompile>
    <ClCompile Include="5.c">
      <Filter>源文件</Filter>
    </ClCompile>
    <ClCompile Include="43  方向向量做法 （智创未来杯 2025 武汉地区联合新生赛 B）.cpp">
      <Filter>源文件</Filter>
    </ClCompile>
    <ClCompile Include="44 二进制枚举 （二进制的位运算）（洛谷 P10449 费解的开关）.cpp">
      <Filter>源文件</Filter>
    </ClCompile>
    <ClCompile Include="45 位运算（统计二进制中有多少个1的两种方法）.cpp">
      <Filter>源文件</Filter>
    </ClCompile>
    <ClCompile Include="46 前缀和 （洛谷 P1115 最大子段和）.cpp">
      <Filter>源文件</Filter>
    </ClCompile>
    <ClCompile Include="47 前缀和（优化版）（洛谷 P1115 最大子段和）.cpp">
      <Filter>源文件</Filter>
    </ClCompile>
    <ClCompile Include="48 一维前缀和及扩展（即库函数写法）.cpp">
      <Filter>源文件</Filter>
    </ClCompile>
    <ClCompile Include="49 二维前缀和.cpp">
      <Filter>源文件</Filter>
    </ClCompile>
    <ClCompile Include="50 前缀和（牛客【模板】二维前缀和）.cpp">
      <Filter>源文件</Filter>
    </ClCompile>
    <ClCompile Include="51.cpp">
      <Filter>源文件</Filter>
    </ClCompile>
    <ClCompile Include="52 优化的做法（比方向向量的做法效率更高） （智创未来杯 2025 武汉地区联合新生赛 B）.cpp">
      <Filter>源文件</Filter>
    </ClCompile>
    <ClCompile Include="53 差分（牛客【模板】差分）.cpp">
      <Filter>源文件</Filter>
    </ClCompile>
    <ClCompile Include="54 探寻前缀和与差分之间的关系.cpp">
      <Filter>源文件</Filter>
    </ClCompile>
    <ClCompile Include="55 差分（洛谷 P3406 海底高铁）.cpp">
      <Filter>源文件</Filter>
    </ClCompile>
    <ClCompile Include="56 差分 （优化版）（洛谷 P3406 海底高铁）.cpp">
      <Filter>源文件</Filter>
    </ClCompile>
    <ClCompile Include="57 探寻多次差分 .cpp">
      <Filter>源文件</Filter>
    </ClCompile>
    <ClCompile Include="58 实现二维差分.cpp">
      <Filter>源文件</Filter>
    </ClCompile>
    <ClCompile Include="59 二维差分 （牛客 【模板】二维差分）.cpp">
      <Filter>源文件</Filter>
    </ClCompile>
    <ClCompile Include="60 二维差分 （洛谷 P3397 地毯）.cpp">
      <Filter>源文件</Filter>
    </ClCompile>
    <ClCompile Include="61 双指针（滑动窗口） （洛谷（UVA）UVA11572 唯一的雪花 Unique Snowflakes）.cpp">
      <Filter>源文件</Filter>
    </ClCompile>
    <ClCompile Include="62 双指针（滑动窗口） （洛谷 P1638 逛画展）.cpp">
      <Filter>源文件</Filter>
    </ClCompile>
    <ClCompile Include="63 双指针（滑动窗口） （牛客 字符串）.cpp">
      <Filter>源文件</Filter>
    </ClCompile>
    <ClCompile Include="64 双指针（滑动窗口） （牛客 丢手绢）.cpp">
      <Filter>源文件</Filter>
    </ClCompile>
    <ClCompile Include="65 双指针（滑动窗口）（力扣（第 173 场双周赛）核心代码模式 （Q2. 不同元素和至少为 K 的最短子数组长度））.cpp">
      <Filter>源文件</Filter>
    </ClCompile>
    <ClCompile Include="66 二分算法 （力扣 核心代码模式 34. 在排序数组中查找元素的第一个和最后一个位置）.cpp">
      <Filter>源文件</Filter>
    </ClCompile>
    <ClCompile Include="67 双指针（滑动窗口） （牛客 BGN6 小红的字符串修改）.cpp">
      <Filter>源文件</Filter>
    </ClCompile>
    <ClCompile Include="68 模拟 （牛客 BGN9 元素方碑）.cpp">
      <Filter>源文件</Filter>
    </ClCompile>
    <ClCompile Include="69 枚举 （牛客 BGN10 九倍平方数）.cpp">
      <Filter>源文件</Filter>
    </ClCompile>
    <ClCompile Include="70 练习STL容器里面的二分函数.cpp">
      <Filter>源文件</Filter>
    </ClCompile>
    <ClCompile Include="71 二分算法（手动实现） （牛客 牛可乐和魔法封印）.cpp">
      <Filter>源文件</Filter>
    </ClCompile>
    <ClCompile Include="72 二分算法（使用二分函数） （牛客 牛可乐和魔法封印）.cpp">
      <Filter>源文件</Filter>
    </ClCompile>
    <ClCompile Include="73 二分算法 （洛谷 P1102 A-B 数对）.cpp">
      <Filter>源文件</Filter>
    </ClCompile>
    <ClCompile Include="74 二分算法 （洛谷 P1678 烦恼的高考志愿）.cpp">
      <Filter>源文件</Filter>
    </ClCompile>
    <ClCompile Include="75 二分答案 （洛谷 P2440 木材加工）.cpp">
      <Filter>源文件</Filter>
    </ClCompile>
    <ClCompile Include="76 二分答案（洛谷 P1873 COCI 2011 2012 5 EKO  砍树）.cpp">
      <Filter>源文件</Filter>
    </ClCompile>
  </ItemGroup>
  <!-- 若有头文件，添加此段绑定到“头文件”分组（示例） -->
  <!-- 若有资源文件，添加此段绑定到“资源文件”分组（示例） -->
  <!-- 若有杂项文件，添加此段绑定到“杂项文件”分组（示例） -->
  <ItemGroup>
    <!-- <None Include="xxx.txt">
      <Filter>杂项文件</Filter>
    </None> -->
  </ItemGroup>
</Project>